Microsoft Visual Studio Solution File, Format Version 12.00
# Visual Studio Version 17
VisualStudioVersion = 17.14.36310.24
MinimumVisualStudioVersion = 10.0.40219.1
Project("{FAE04EC0-301F-11D3-BF4B-00C04F79EFBC}") = "AspireApp.AppHost", "AspireApp.AppHost\AspireApp.AppHost.csproj", "{4244CD4D-6121-4C23-AE1B-A124EFE76160}"
EndProject
Project("{FAE04EC0-301F-11D3-BF4B-00C04F79EFBC}") = "AspireApp.ServiceDefaults", "AspireApp.ServiceDefaults\AspireApp.ServiceDefaults.csproj", "{832FE107-DA3B-89E1-9D95-6D4F4BAEA1A9}"
EndProject
Project("{FAE04EC0-301F-11D3-BF4B-00C04F79EFBC}") = "AspireApp.ApiService", "AspireApp.ApiService\AspireApp.ApiService.csproj", "{FA47FD19-33EC-F2F6-751C-44740E816D25}"
EndProject
Project("{FAE04EC0-301F-11D3-BF4B-00C04F79EFBC}") = "AspireApp.Web", "AspireApp.Web\AspireApp.Web.csproj", "{167C9083-B235-CCD4-47F1-339EE30AC88F}"
EndProject
Project("{2150E333-8FDC-42A3-9474-1A3956D46DE8}") = "Solution Items", "Solution Items", "{8EC462FD-D22E-90A8-E5CE-7E832BA40C5D}"
	ProjectSection(SolutionItems) = preProject
		C:\Users\suphonchai\Downloads\realm-export.json = C:\Users\suphonchai\Downloads\realm-export.json
	EndProjectSection
EndProject
Global
	GlobalSection(SolutionConfigurationPlatforms) = preSolution
		Debug|Any CPU = Debug|Any CPU
		Release|Any CPU = Release|Any CPU
	EndGlobalSection
	GlobalSection(ProjectConfigurationPlatforms) = postSolution
		{4244CD4D-6121-4C23-AE1B-A124EFE76160}.Debug|Any CPU.ActiveCfg = Debug|Any CPU
		{4244CD4D-6121-4C23-AE1B-A124EFE76160}.Debug|Any CPU.Build.0 = Debug|Any CPU
		{4244CD4D-6121-4C23-AE1B-A124EFE76160}.Release|Any CPU.ActiveCfg = Release|Any CPU
		{4244CD4D-6121-4C23-AE1B-A124EFE76160}.Release|Any CPU.Build.0 = Release|Any CPU
		{832FE107-DA3B-89E1-9D95-6D4F4BAEA1A9}.Debug|Any CPU.ActiveCfg = Debug|Any CPU
		{832FE107-DA3B-89E1-9D95-6D4F4BAEA1A9}.Debug|Any CPU.Build.0 = Debug|Any CPU
		{832FE107-DA3B-89E1-9D95-6D4F4BAEA1A9}.Release|Any CPU.ActiveCfg = Release|Any CPU
		{832FE107-DA3B-89E1-9D95-6D4F4BAEA1A9}.Release|Any CPU.Build.0 = Release|Any CPU
		{FA47FD19-33EC-F2F6-751C-44740E816D25}.Debug|Any CPU.ActiveCfg = Debug|Any CPU
		{FA47FD19-33EC-F2F6-751C-44740E816D25}.Debug|Any CPU.Build.0 = Debug|Any CPU
		{FA47FD19-33EC-F2F6-751C-44740E816D25}.Release|Any CPU.ActiveCfg = Release|Any CPU
		{FA47FD19-33EC-F2F6-751C-44740E816D25}.Release|Any CPU.Build.0 = Release|Any CPU
		{167C9083-B235-CCD4-47F1-339EE30AC88F}.Debug|Any CPU.ActiveCfg = Debug|Any CPU
		{167C9083-B235-CCD4-47F1-339EE30AC88F}.Debug|Any CPU.Build.0 = Debug|Any CPU
		{167C9083-B235-CCD4-47F1-339EE30AC88F}.Release|Any CPU.ActiveCfg = Release|Any CPU
		{167C9083-B235-CCD4-47F1-339EE30AC88F}.Release|Any CPU.Build.0 = Release|Any CPU
	EndGlobalSection
	GlobalSection(SolutionProperties) = preSolution
		HideSolutionNode = FALSE
	EndGlobalSection
	GlobalSection(ExtensibilityGlobals) = postSolution
		SolutionGuid = {452A62F1-7E06-4E0D-BE33-16AB0D9C6CE1}
	EndGlobalSection
EndGlobal
